
Microsoft Visual Studio Solution File, Format Version 12.00
# Visual Studio Version 16
VisualStudioVersion = 16.0.32106.194
MinimumVisualStudioVersion = 10.0.40219.1
Project("{9A19103F-16F7-4668-BE54-9A1E7A4F7556}") = "PokerGame", "PokerGame\PokerGame.csproj", "{BF96BB1D-B94A-47C5-88C0-CC92B4C2A96A}"
EndProject
Project("{FAE04EC0-301F-11D3-BF4B-00C04F79EFBC}") = "TestPoker.UnitTest", "TestPoker.UnitTest\TestPoker.UnitTest.csproj", "{18C4C019-4CA2-4497-A90A-64EEA5744D1F}"
EndProject
Global
	GlobalSection(SolutionConfigurationPlatforms) = preSolution
		Debug|Any CPU = Debug|Any CPU
		Release|Any CPU = Release|Any CPU
	EndGlobalSection
	GlobalSection(ProjectConfigurationPlatforms) = postSolution
		{BF96BB1D-B94A-47C5-88C0-CC92B4C2A96A}.Debug|Any CPU.ActiveCfg = Debug|Any CPU
		{BF96BB1D-B94A-47C5-88C0-CC92B4C2A96A}.Debug|Any CPU.Build.0 = Debug|Any CPU
		{BF96BB1D-B94A-47C5-88C0-CC92B4C2A96A}.Release|Any CPU.ActiveCfg = Release|Any CPU
		{BF96BB1D-B94A-47C5-88C0-CC92B4C2A96A}.Release|Any CPU.Build.0 = Release|Any CPU
		{18C4C019-4CA2-4497-A90A-64EEA5744D1F}.Debug|Any CPU.ActiveCfg = Debug|Any CPU
		{18C4C019-4CA2-4497-A90A-64EEA5744D1F}.Debug|Any CPU.Build.0 = Debug|Any CPU
		{18C4C019-4CA2-4497-A90A-64EEA5744D1F}.Release|Any CPU.ActiveCfg = Release|Any CPU
		{18C4C019-4CA2-4497-A90A-64EEA5744D1F}.Release|Any CPU.Build.0 = Release|Any CPU
	EndGlobalSection
	GlobalSection(SolutionProperties) = preSolution
		HideSolutionNode = FALSE
	EndGlobalSection
	GlobalSection(ExtensibilityGlobals) = postSolution
		SolutionGuid = {5C3A46E0-D4E7-4CAA-90A3-2B34C5FF2373}
	EndGlobalSection
EndGlobal
